{
  "version": 4,
  "terraform_version": "1.1.3",
  "serial": 59,
  "lineage": "3d47a183-0aca-fb84-984e-311f8f5a5f50",
  "outputs": {},
  "resources": [
    {
      "mode": "data",
      "type": "aws_availability_zones",
      "name": "azs",
      "provider": "provider[\"registry.terraform.io/hashicorp/aws\"]",
      "instances": [
        {
          "schema_version": 0,
          "attributes": {
            "all_availability_zones": null,
            "exclude_names": null,
            "exclude_zone_ids": null,
            "filter": null,
            "group_names": [
              "us-east-1"
            ],
            "id": "us-east-1",
            "names": [
              "us-east-1a",
              "us-east-1b",
              "us-east-1c",
              "us-east-1d",
              "us-east-1e",
              "us-east-1f"
            ],
            "state": "available",
            "zone_ids": [
              "use1-az6",
              "use1-az1",
              "use1-az2",
              "use1-az4",
              "use1-az3",
              "use1-az5"
            ]
          },
          "sensitive_attributes": []
        }
      ]
    },
    {
      "mode": "data",
      "type": "aws_caller_identity",
      "name": "current",
      "provider": "provider[\"registry.terraform.io/hashicorp/aws\"]",
      "instances": [
        {
          "schema_version": 0,
          "attributes": {
            "account_id": "987199941948",
            "arn": "arn:aws:iam::987199941948:root",
            "id": "987199941948",
            "user_id": "987199941948"
          },
          "sensitive_attributes": []
        }
      ]
    },
    {
      "mode": "data",
      "type": "aws_ecr_image",
      "name": "lambda_image",
      "provider": "provider[\"registry.terraform.io/hashicorp/aws\"]",
      "instances": [
        {
          "schema_version": 0,
          "attributes": {
            "id": "sha256:8a117e4b72e99f2a102028718de3b11bf98a373b4cd7a1849d190b69d9e25850",
            "image_digest": "sha256:8a117e4b72e99f2a102028718de3b11bf98a373b4cd7a1849d190b69d9e25850",
            "image_pushed_at": 1642373589,
            "image_size_in_bytes": 1185430515,
            "image_tag": "latest",
            "image_tags": [
              "latest"
            ],
            "registry_id": "987199941948",
            "repository_name": "transformers-demo-lambda-container"
          },
          "sensitive_attributes": []
        }
      ]
    },
    {
      "mode": "data",
      "type": "aws_iam_policy",
      "name": "lambda_efs_full_access",
      "provider": "provider[\"registry.terraform.io/hashicorp/aws\"]",
      "instances": [
        {
          "schema_version": 0,
          "attributes": {
            "arn": "arn:aws:iam::aws:policy/AmazonElasticFileSystemFullAccess",
            "description": "Provides full access to Amazon EFS via the AWS Management Console.",
            "id": "arn:aws:iam::aws:policy/AmazonElasticFileSystemFullAccess",
            "name": "AmazonElasticFileSystemFullAccess",
            "path": "/",
            "path_prefix": null,
            "policy": "{\n\t\"Version\": \"2012-10-17\",\n\t\"Statement\": [\n\t\t{\n\t\t\t\"Action\": [\n\t\t\t\t\"cloudwatch:DescribeAlarmsForMetric\",\n\t\t\t\t\"cloudwatch:GetMetricData\",\n\t\t\t\t\"ec2:CreateNetworkInterface\",\n\t\t\t\t\"ec2:DeleteNetworkInterface\",\n\t\t\t\t\"ec2:DescribeAvailabilityZones\",\n\t\t\t\t\"ec2:DescribeNetworkInterfaceAttribute\",\n\t\t\t\t\"ec2:DescribeNetworkInterfaces\",\n\t\t\t\t\"ec2:DescribeSecurityGroups\",\n\t\t\t\t\"ec2:DescribeSubnets\",\n\t\t\t\t\"ec2:DescribeVpcAttribute\",\n\t\t\t\t\"ec2:DescribeVpcs\",\n\t\t\t\t\"ec2:ModifyNetworkInterfaceAttribute\",\n\t\t\t\t\"elasticfilesystem:CreateFileSystem\",\n\t\t\t\t\"elasticfilesystem:CreateMountTarget\",\n\t\t\t\t\"elasticfilesystem:CreateTags\",\n\t\t\t\t\"elasticfilesystem:CreateAccessPoint\",\n\t\t\t\t\"elasticfilesystem:CreateReplicationConfiguration\",\n\t\t\t\t\"elasticfilesystem:DeleteFileSystem\",\n\t\t\t\t\"elasticfilesystem:DeleteMountTarget\",\n\t\t\t\t\"elasticfilesystem:DeleteTags\",\n\t\t\t\t\"elasticfilesystem:DeleteAccessPoint\",\n\t\t\t\t\"elasticfilesystem:DeleteFileSystemPolicy\",\n\t\t\t\t\"elasticfilesystem:DeleteReplicationConfiguration\",\n\t\t\t\t\"elasticfilesystem:DescribeAccountPreferences\",\n\t\t\t\t\"elasticfilesystem:DescribeBackupPolicy\",\n\t\t\t\t\"elasticfilesystem:DescribeFileSystems\",\n\t\t\t\t\"elasticfilesystem:DescribeFileSystemPolicy\",\n\t\t\t\t\"elasticfilesystem:DescribeLifecycleConfiguration\",\n\t\t\t\t\"elasticfilesystem:DescribeMountTargets\",\n\t\t\t\t\"elasticfilesystem:DescribeMountTargetSecurityGroups\",\n\t\t\t\t\"elasticfilesystem:DescribeTags\",\n\t\t\t\t\"elasticfilesystem:DescribeAccessPoints\",\n\t\t\t\t\"elasticfilesystem:DescribeReplicationConfigurations\",\n\t\t\t\t\"elasticfilesystem:ModifyMountTargetSecurityGroups\",\n\t\t\t\t\"elasticfilesystem:PutAccountPreferences\",\n\t\t\t\t\"elasticfilesystem:PutBackupPolicy\",\n\t\t\t\t\"elasticfilesystem:PutLifecycleConfiguration\",\n\t\t\t\t\"elasticfilesystem:PutFileSystemPolicy\",\n\t\t\t\t\"elasticfilesystem:UpdateFileSystem\",\n\t\t\t\t\"elasticfilesystem:TagResource\",\n\t\t\t\t\"elasticfilesystem:UntagResource\",\n\t\t\t\t\"elasticfilesystem:ListTagsForResource\",\n\t\t\t\t\"elasticfilesystem:Backup\",\n\t\t\t\t\"elasticfilesystem:Restore\",\n\t\t\t\t\"kms:DescribeKey\",\n\t\t\t\t\"kms:ListAliases\"\n\t\t\t],\n\t\t\t\"Effect\": \"Allow\",\n\t\t\t\"Resource\": \"*\"\n\t\t},\n\t\t{\n\t\t\t\"Action\": \"iam:CreateServiceLinkedRole\",\n\t\t\t\"Effect\": \"Allow\",\n\t\t\t\"Resource\": \"*\",\n\t\t\t\"Condition\": {\n\t\t\t\t\"StringEquals\": {\n\t\t\t\t\t\"iam:AWSServiceName\": [\n\t\t\t\t\t\t\"elasticfilesystem.amazonaws.com\"\n\t\t\t\t\t]\n\t\t\t\t}\n\t\t\t}\n\t\t}\n\t]\n}",
            "policy_id": "ANPAJKXTMNVQGIDNCKPBC",
            "tags": {}
          },
          "sensitive_attributes": []
        }
      ]
    },
    {
      "mode": "data",
      "type": "aws_iam_policy",
      "name": "lambda_execute",
      "provider": "provider[\"registry.terraform.io/hashicorp/aws\"]",
      "instances": [
        {
          "schema_version": 0,
          "attributes": {
            "arn": "arn:aws:iam::aws:policy/AWSLambdaExecute",
            "description": "Provides Put, Get access to S3 and full access to CloudWatch Logs.",
            "id": "arn:aws:iam::aws:policy/AWSLambdaExecute",
            "name": "AWSLambdaExecute",
            "path": "/",
            "path_prefix": null,
            "policy": "{\n  \"Version\": \"2012-10-17\",\n  \"Statement\": [\n    {\n      \"Effect\": \"Allow\",\n      \"Action\": [\n        \"logs:*\"\n      ],\n      \"Resource\": \"arn:aws:logs:*:*:*\"\n    },\n    {\n      \"Effect\": \"Allow\",\n      \"Action\": [\n        \"s3:GetObject\",\n        \"s3:PutObject\"\n      ],\n      \"Resource\": \"arn:aws:s3:::*\"\n    }\n  ]\n}",
            "policy_id": "ANPAJE5FX7FQZSU5XAKGO",
            "tags": {}
          },
          "sensitive_attributes": []
        }
      ]
    },
    {
      "mode": "data",
      "type": "aws_iam_policy",
      "name": "lambda_vpc",
      "provider": "provider[\"registry.terraform.io/hashicorp/aws\"]",
      "instances": [
        {
          "schema_version": 0,
          "attributes": {
            "arn": "arn:aws:iam::aws:policy/service-role/AWSLambdaVPCAccessExecutionRole",
            "description": "Provides minimum permissions for a Lambda function to execute while accessing a resource within a VPC - create, describe, delete network interfaces and write permissions to CloudWatch Logs. ",
            "id": "arn:aws:iam::aws:policy/service-role/AWSLambdaVPCAccessExecutionRole",
            "name": "AWSLambdaVPCAccessExecutionRole",
            "path": "/service-role/",
            "path_prefix": null,
            "policy": "{\n  \"Version\": \"2012-10-17\",\n  \"Statement\": [\n    {\n      \"Effect\": \"Allow\",\n      \"Action\": [\n        \"logs:CreateLogGroup\",\n        \"logs:CreateLogStream\",\n        \"logs:PutLogEvents\",\n        \"ec2:CreateNetworkInterface\",\n        \"ec2:DescribeNetworkInterfaces\",\n        \"ec2:DeleteNetworkInterface\",\n        \"ec2:AssignPrivateIpAddresses\",\n        \"ec2:UnassignPrivateIpAddresses\"\n      ],\n      \"Resource\": \"*\"\n    }\n  ]\n}",
            "policy_id": "ANPAJVTME3YLVNL72YR2K",
            "tags": {}
          },
          "sensitive_attributes": []
        }
      ]
    },
    {
      "mode": "managed",
      "type": "aws_default_network_acl",
      "name": "default_network_acl",
      "provider": "provider[\"registry.terraform.io/hashicorp/aws\"]",
      "instances": [
        {
          "schema_version": 0,
          "attributes": {
            "arn": "arn:aws:ec2:us-east-1:987199941948:network-acl/acl-065eaa04b9ccee849",
            "default_network_acl_id": "acl-065eaa04b9ccee849",
            "egress": [
              {
                "action": "allow",
                "cidr_block": "0.0.0.0/0",
                "from_port": 0,
                "icmp_code": 0,
                "icmp_type": 0,
                "ipv6_cidr_block": "",
                "protocol": "-1",
                "rule_no": 100,
                "to_port": 0
              }
            ],
            "id": "acl-065eaa04b9ccee849",
            "ingress": [
              {
                "action": "allow",
                "cidr_block": "0.0.0.0/0",
                "from_port": 0,
                "icmp_code": 0,
                "icmp_type": 0,
                "ipv6_cidr_block": "",
                "protocol": "-1",
                "rule_no": 100,
                "to_port": 0
              }
            ],
            "owner_id": "987199941948",
            "subnet_ids": [
              "subnet-00e0a0809054f21a1",
              "subnet-07f82aa7414a82066"
            ],
            "tags": {
              "Name": "terraform-huggingface-lambda-default-default-network-acl"
            },
            "tags_all": {
              "Name": "terraform-huggingface-lambda-default-default-network-acl"
            },
            "vpc_id": "vpc-0938d4564b4d7d531"
          },
          "sensitive_attributes": [],
          "private": "bnVsbA==",
          "dependencies": [
            "aws_subnet.subnet_public",
            "aws_vpc.vpc",
            "aws_subnet.subnet_private"
          ]
        }
      ]
    },
    {
      "mode": "managed",
      "type": "aws_default_security_group",
      "name": "default_security_group",
      "provider": "provider[\"registry.terraform.io/hashicorp/aws\"]",
      "instances": [
        {
          "schema_version": 1,
          "attributes": {
            "arn": "arn:aws:ec2:us-east-1:987199941948:security-group/sg-019effe4849f2a0df",
            "description": "default VPC security group",
            "egress": [
              {
                "cidr_blocks": [
                  "0.0.0.0/0"
                ],
                "description": "",
                "from_port": 0,
                "ipv6_cidr_blocks": [],
                "prefix_list_ids": [],
                "protocol": "-1",
                "security_groups": [],
                "self": false,
                "to_port": 0
              }
            ],
            "id": "sg-019effe4849f2a0df",
            "ingress": [
              {
                "cidr_blocks": [],
                "description": "",
                "from_port": 0,
                "ipv6_cidr_blocks": [],
                "prefix_list_ids": [],
                "protocol": "-1",
                "security_groups": [],
                "self": true,
                "to_port": 0
              }
            ],
            "name": "default",
            "owner_id": "987199941948",
            "revoke_rules_on_delete": false,
            "tags": {
              "Name": "terraform-huggingface-lambda-default-security-group"
            },
            "tags_all": {
              "Name": "terraform-huggingface-lambda-default-security-group"
            },
            "vpc_id": "vpc-0938d4564b4d7d531"
          },
          "sensitive_attributes": [],
          "private": "eyJzY2hlbWFfdmVyc2lvbiI6IjEifQ==",
          "dependencies": [
            "aws_vpc.vpc"
          ]
        }
      ]
    },
    {
      "mode": "managed",
      "type": "aws_ecr_repository",
      "name": "repo",
      "provider": "provider[\"registry.terraform.io/hashicorp/aws\"]",
      "instances": [
        {
          "schema_version": 0,
          "attributes": {
            "arn": "arn:aws:ecr:us-east-1:987199941948:repository/transformers-demo-lambda-container",
            "encryption_configuration": [
              {
                "encryption_type": "AES256",
                "kms_key": ""
              }
            ],
            "id": "transformers-demo-lambda-container",
            "image_scanning_configuration": [
              {
                "scan_on_push": false
              }
            ],
            "image_tag_mutability": "MUTABLE",
            "name": "transformers-demo-lambda-container",
            "registry_id": "987199941948",
            "repository_url": "987199941948.dkr.ecr.us-east-1.amazonaws.com/transformers-demo-lambda-container",
            "tags": {},
            "tags_all": {},
            "timeouts": null
          },
          "sensitive_attributes": [],
          "private": "eyJlMmJmYjczMC1lY2FhLTExZTYtOGY4OC0zNDM2M2JjN2M0YzAiOnsiZGVsZXRlIjoxMjAwMDAwMDAwMDAwfX0="
        }
      ]
    },
    {
      "mode": "managed",
      "type": "aws_efs_access_point",
      "name": "efs_access_point",
      "provider": "provider[\"registry.terraform.io/hashicorp/aws\"]",
      "instances": [
        {
          "schema_version": 0,
          "attributes": {
            "arn": "arn:aws:elasticfilesystem:us-east-1:987199941948:access-point/fsap-0321fee0d03257f12",
            "file_system_arn": "arn:aws:elasticfilesystem:us-east-1:987199941948:file-system/fs-0301e87387c979630",
            "file_system_id": "fs-0301e87387c979630",
            "id": "fsap-0321fee0d03257f12",
            "owner_id": "987199941948",
            "posix_user": [
              {
                "gid": 1000,
                "secondary_gids": [],
                "uid": 1000
              }
            ],
            "root_directory": [
              {
                "creation_info": [
                  {
                    "owner_gid": 1000,
                    "owner_uid": 1000,
                    "permissions": "777"
                  }
                ],
                "path": "/access"
              }
            ],
            "tags": {},
            "tags_all": {}
          },
          "sensitive_attributes": [],
          "private": "bnVsbA==",
          "dependencies": [
            "aws_efs_file_system.efs_example"
          ]
        }
      ]
    },
    {
      "mode": "managed",
      "type": "aws_efs_file_system",
      "name": "efs_example",
      "provider": "provider[\"registry.terraform.io/hashicorp/aws\"]",
      "instances": [
        {
          "schema_version": 0,
          "attributes": {
            "arn": "arn:aws:elasticfilesystem:us-east-1:987199941948:file-system/fs-0301e87387c979630",
            "availability_zone_id": "",
            "availability_zone_name": "",
            "creation_token": "tf-huggingface-efs-example",
            "dns_name": "fs-0301e87387c979630.efs.us-east-1.amazonaws.com",
            "encrypted": true,
            "id": "fs-0301e87387c979630",
            "kms_key_id": "arn:aws:kms:us-east-1:987199941948:key/5e20cb90-35b4-4f7b-b339-2d4be03f6388",
            "lifecycle_policy": [],
            "number_of_mount_targets": 1,
            "owner_id": "987199941948",
            "performance_mode": "generalPurpose",
            "provisioned_throughput_in_mibps": 0,
            "size_in_bytes": [
              {
                "value": 6144,
                "value_in_ia": 0,
                "value_in_standard": 6144
              }
            ],
            "tags": {
              "Name": "tf-huggingface-efs-example"
            },
            "tags_all": {
              "Name": "tf-huggingface-efs-example"
            },
            "throughput_mode": "bursting"
          },
          "sensitive_attributes": [],
          "private": "bnVsbA=="
        }
      ]
    },
    {
      "mode": "managed",
      "type": "aws_efs_file_system_policy",
      "name": "policy",
      "provider": "provider[\"registry.terraform.io/hashicorp/aws\"]",
      "instances": [
        {
          "schema_version": 0,
          "attributes": {
            "bypass_policy_lockout_safety_check": true,
            "file_system_id": "fs-0301e87387c979630",
            "id": "fs-0301e87387c979630",
            "policy": "{\"Id\":\"EFS_Policy_HuggingFace\",\"Statement\":[{\"Action\":\"elasticfilesystem:*\",\"Condition\":{\"Bool\":{\"aws:SecureTransport\":\"true\"}},\"Effect\":\"Allow\",\"Principal\":{\"AWS\":\"*\"},\"Resource\":\"arn:aws:elasticfilesystem:us-east-1:987199941948:file-system/fs-0301e87387c979630\",\"Sid\":\"Allow_Access_To_EFS\"}],\"Version\":\"2012-10-17\"}"
          },
          "sensitive_attributes": [],
          "private": "bnVsbA==",
          "dependencies": [
            "aws_efs_file_system.efs_example"
          ]
        }
      ]
    },
    {
      "mode": "managed",
      "type": "aws_efs_mount_target",
      "name": "efs_mount",
      "provider": "provider[\"registry.terraform.io/hashicorp/aws\"]",
      "instances": [
        {
          "schema_version": 0,
          "attributes": {
            "availability_zone_id": "use1-az6",
            "availability_zone_name": "us-east-1a",
            "dns_name": "fs-0301e87387c979630.efs.us-east-1.amazonaws.com",
            "file_system_arn": "arn:aws:elasticfilesystem:us-east-1:987199941948:file-system/fs-0301e87387c979630",
            "file_system_id": "fs-0301e87387c979630",
            "id": "fsmt-01d60d6a3984e231c",
            "ip_address": "10.0.9.224",
            "mount_target_dns_name": "us-east-1a.fs-0301e87387c979630.efs.us-east-1.amazonaws.com",
            "network_interface_id": "eni-03fcbef5b44c94671",
            "owner_id": "987199941948",
            "security_groups": [
              "sg-019effe4849f2a0df"
            ],
            "subnet_id": "subnet-00e0a0809054f21a1"
          },
          "sensitive_attributes": [],
          "private": "bnVsbA==",
          "dependencies": [
            "aws_subnet.subnet_private",
            "aws_vpc.vpc",
            "aws_default_security_group.default_security_group",
            "aws_efs_file_system.efs_example"
          ]
        }
      ]
    },
    {
      "mode": "managed",
      "type": "aws_eip",
      "name": "eip",
      "provider": "provider[\"registry.terraform.io/hashicorp/aws\"]",
      "instances": [
        {
          "schema_version": 0,
          "attributes": {
            "address": null,
            "allocation_id": "eipalloc-0bd674c70a2135ca0",
            "associate_with_private_ip": null,
            "association_id": "eipassoc-0a5678538a356c04f",
            "carrier_ip": "",
            "customer_owned_ip": "",
            "customer_owned_ipv4_pool": "",
            "domain": "vpc",
            "id": "eipalloc-0bd674c70a2135ca0",
            "instance": "",
            "network_border_group": "us-east-1",
            "network_interface": "eni-05c1584b26fa176a5",
            "private_dns": "ip-10-0-2-107.ec2.internal",
            "private_ip": "10.0.2.107",
            "public_dns": "ec2-18-235-150-195.compute-1.amazonaws.com",
            "public_ip": "18.235.150.195",
            "public_ipv4_pool": "amazon",
            "tags": {
              "Name": "terraform-huggingface-lambda-eip"
            },
            "tags_all": {
              "Name": "terraform-huggingface-lambda-eip"
            },
            "timeouts": null,
            "vpc": true
          },
          "sensitive_attributes": [],
          "private": "eyJlMmJmYjczMC1lY2FhLTExZTYtOGY4OC0zNDM2M2JjN2M0YzAiOnsiZGVsZXRlIjoxODAwMDAwMDAwMDAsInJlYWQiOjkwMDAwMDAwMDAwMCwidXBkYXRlIjozMDAwMDAwMDAwMDB9fQ==",
          "dependencies": [
            "aws_internet_gateway.internet_gateway",
            "aws_vpc.vpc"
          ]
        }
      ]
    },
    {
      "mode": "managed",
      "type": "aws_iam_role",
      "name": "lambda_efs_transformers",
      "provider": "provider[\"registry.terraform.io/hashicorp/aws\"]",
      "instances": [
        {
          "schema_version": 0,
          "attributes": {
            "arn": "arn:aws:iam::987199941948:role/lambdaEFSTransformers",
            "assume_role_policy": "{\"Version\":\"2012-10-17\",\"Statement\":[{\"Sid\":\"LambdaEFS\",\"Effect\":\"Allow\",\"Principal\":{\"Service\":\"lambda.amazonaws.com\"},\"Action\":\"sts:AssumeRole\"}]}",
            "create_date": "2022-01-16T16:11:02Z",
            "description": "",
            "force_detach_policies": false,
            "id": "lambdaEFSTransformers",
            "inline_policy": [
              {
                "name": "",
                "policy": ""
              }
            ],
            "managed_policy_arns": [
              "arn:aws:iam::aws:policy/AWSLambdaExecute",
              "arn:aws:iam::aws:policy/AmazonElasticFileSystemFullAccess",
              "arn:aws:iam::aws:policy/service-role/AWSLambdaVPCAccessExecutionRole"
            ],
            "max_session_duration": 3600,
            "name": "lambdaEFSTransformers",
            "name_prefix": "",
            "path": "/",
            "permissions_boundary": null,
            "tags": {},
            "tags_all": {},
            "unique_id": "AROA6LWNTVU6LTM3FMDJX"
          },
          "sensitive_attributes": [],
          "private": "bnVsbA=="
        }
      ]
    },
    {
      "mode": "managed",
      "type": "aws_iam_role_policy_attachment",
      "name": "lambda_efs_full_access_policy",
      "provider": "provider[\"registry.terraform.io/hashicorp/aws\"]",
      "instances": [
        {
          "schema_version": 0,
          "attributes": {
            "id": "lambdaEFSTransformers-20220116161100344200000001",
            "policy_arn": "arn:aws:iam::aws:policy/AmazonElasticFileSystemFullAccess",
            "role": "lambdaEFSTransformers"
          },
          "sensitive_attributes": [],
          "private": "bnVsbA==",
          "dependencies": [
            "aws_iam_role.lambda_efs_transformers",
            "data.aws_iam_policy.lambda_efs_full_access"
          ]
        }
      ]
    },
    {
      "mode": "managed",
      "type": "aws_iam_role_policy_attachment",
      "name": "lambda_execute_policy",
      "provider": "provider[\"registry.terraform.io/hashicorp/aws\"]",
      "instances": [
        {
          "schema_version": 0,
          "attributes": {
            "id": "lambdaEFSTransformers-20220116161100353000000002",
            "policy_arn": "arn:aws:iam::aws:policy/AWSLambdaExecute",
            "role": "lambdaEFSTransformers"
          },
          "sensitive_attributes": [],
          "private": "bnVsbA==",
          "dependencies": [
            "data.aws_iam_policy.lambda_execute",
            "aws_iam_role.lambda_efs_transformers"
          ]
        }
      ]
    },
    {
      "mode": "managed",
      "type": "aws_iam_role_policy_attachment",
      "name": "lambda_vpc_policy",
      "provider": "provider[\"registry.terraform.io/hashicorp/aws\"]",
      "instances": [
        {
          "schema_version": 0,
          "attributes": {
            "id": "lambdaEFSTransformers-20220116161101499300000003",
            "policy_arn": "arn:aws:iam::aws:policy/service-role/AWSLambdaVPCAccessExecutionRole",
            "role": "lambdaEFSTransformers"
          },
          "sensitive_attributes": [],
          "private": "bnVsbA==",
          "dependencies": [
            "aws_iam_role.lambda_efs_transformers",
            "data.aws_iam_policy.lambda_vpc"
          ]
        }
      ]
    },
    {
      "mode": "managed",
      "type": "aws_internet_gateway",
      "name": "internet_gateway",
      "provider": "provider[\"registry.terraform.io/hashicorp/aws\"]",
      "instances": [
        {
          "schema_version": 0,
          "attributes": {
            "arn": "arn:aws:ec2:us-east-1:987199941948:internet-gateway/igw-07f94aca964dd5e5c",
            "id": "igw-07f94aca964dd5e5c",
            "owner_id": "987199941948",
            "tags": {
              "Name": "terraform-huggingface-lambda-internet-gateway"
            },
            "tags_all": {
              "Name": "terraform-huggingface-lambda-internet-gateway"
            },
            "vpc_id": "vpc-0938d4564b4d7d531"
          },
          "sensitive_attributes": [],
          "private": "bnVsbA==",
          "dependencies": [
            "aws_vpc.vpc"
          ]
        }
      ]
    },
    {
      "mode": "managed",
      "type": "aws_lambda_function",
      "name": "transformers_function",
      "provider": "provider[\"registry.terraform.io/hashicorp/aws\"]",
      "instances": [
        {
          "schema_version": 0,
          "attributes": {
            "architectures": [
              "x86_64"
            ],
            "arn": "arn:aws:lambda:us-east-1:987199941948:function:transformers-demo-transformers-function",
            "code_signing_config_arn": "",
            "dead_letter_config": [],
            "description": "",
            "environment": [],
            "file_system_config": [
              {
                "arn": "arn:aws:elasticfilesystem:us-east-1:987199941948:access-point/fsap-0321fee0d03257f12",
                "local_mount_path": "/mnt/access"
              }
            ],
            "filename": null,
            "function_name": "transformers-demo-transformers-function",
            "handler": "",
            "id": "transformers-demo-transformers-function",
            "image_config": [],
            "image_uri": "987199941948.dkr.ecr.us-east-1.amazonaws.com/transformers-demo-lambda-container@sha256:8a117e4b72e99f2a102028718de3b11bf98a373b4cd7a1849d190b69d9e25850",
            "invoke_arn": "arn:aws:apigateway:us-east-1:lambda:path/2015-03-31/functions/arn:aws:lambda:us-east-1:987199941948:function:transformers-demo-transformers-function/invocations",
            "kms_key_arn": "",
            "last_modified": "2022-01-16T22:53:11.000+0000",
            "layers": [],
            "memory_size": 4096,
            "package_type": "Image",
            "publish": false,
            "qualified_arn": "arn:aws:lambda:us-east-1:987199941948:function:transformers-demo-transformers-function:$LATEST",
            "reserved_concurrent_executions": -1,
            "role": "arn:aws:iam::987199941948:role/lambdaEFSTransformers",
            "runtime": "",
            "s3_bucket": null,
            "s3_key": null,
            "s3_object_version": null,
            "signing_job_arn": "",
            "signing_profile_version_arn": "",
            "source_code_hash": "8a117e4b72e99f2a102028718de3b11bf98a373b4cd7a1849d190b69d9e25850",
            "source_code_size": 0,
            "tags": {},
            "tags_all": {},
            "timeout": 300,
            "timeouts": null,
            "tracing_config": [
              {
                "mode": "PassThrough"
              }
            ],
            "version": "$LATEST",
            "vpc_config": [
              {
                "security_group_ids": [
                  "sg-019effe4849f2a0df"
                ],
                "subnet_ids": [
                  "subnet-00e0a0809054f21a1"
                ],
                "vpc_id": "vpc-0938d4564b4d7d531"
              }
            ]
          },
          "sensitive_attributes": [],
          "private": "eyJlMmJmYjczMC1lY2FhLTExZTYtOGY4OC0zNDM2M2JjN2M0YzAiOnsiY3JlYXRlIjo2MDAwMDAwMDAwMDB9fQ==",
          "dependencies": [
            "aws_default_security_group.default_security_group",
            "aws_ecr_repository.repo",
            "aws_efs_access_point.efs_access_point",
            "aws_efs_mount_target.efs_mount",
            "aws_iam_role.lambda_efs_transformers",
            "aws_subnet.subnet_private",
            "data.aws_caller_identity.current",
            "data.aws_ecr_image.lambda_image",
            "null_resource.ecr_image"
          ]
        }
      ]
    },
    {
      "mode": "managed",
      "type": "aws_nat_gateway",
      "name": "nat_gateway",
      "provider": "provider[\"registry.terraform.io/hashicorp/aws\"]",
      "instances": [
        {
          "schema_version": 0,
          "attributes": {
            "allocation_id": "eipalloc-0bd674c70a2135ca0",
            "connectivity_type": "public",
            "id": "nat-0b8687559a400f73a",
            "network_interface_id": "eni-05c1584b26fa176a5",
            "private_ip": "10.0.2.107",
            "public_ip": "18.235.150.195",
            "subnet_id": "subnet-07f82aa7414a82066",
            "tags": {
              "Name": "terraform-huggingface-lambda-nat-gateway"
            },
            "tags_all": {
              "Name": "terraform-huggingface-lambda-nat-gateway"
            }
          },
          "sensitive_attributes": [],
          "private": "bnVsbA==",
          "dependencies": [
            "aws_eip.eip",
            "aws_internet_gateway.internet_gateway",
            "aws_subnet.subnet_public",
            "aws_vpc.vpc"
          ]
        }
      ]
    },
    {
      "mode": "managed",
      "type": "aws_route_table",
      "name": "private_route_table",
      "provider": "provider[\"registry.terraform.io/hashicorp/aws\"]",
      "instances": [
        {
          "schema_version": 0,
          "attributes": {
            "arn": "arn:aws:ec2:us-east-1:987199941948:route-table/rtb-0e649fac95e90be11",
            "id": "rtb-0e649fac95e90be11",
            "owner_id": "987199941948",
            "propagating_vgws": [],
            "route": [
              {
                "carrier_gateway_id": "",
                "cidr_block": "0.0.0.0/0",
                "destination_prefix_list_id": "",
                "egress_only_gateway_id": "",
                "gateway_id": "",
                "instance_id": "",
                "ipv6_cidr_block": "",
                "local_gateway_id": "",
                "nat_gateway_id": "nat-0b8687559a400f73a",
                "network_interface_id": "",
                "transit_gateway_id": "",
                "vpc_endpoint_id": "",
                "vpc_peering_connection_id": ""
              }
            ],
            "tags": {
              "Name": "terraform-huggingface-lambda-private-route-table"
            },
            "tags_all": {
              "Name": "terraform-huggingface-lambda-private-route-table"
            },
            "timeouts": null,
            "vpc_id": "vpc-0938d4564b4d7d531"
          },
          "sensitive_attributes": [],
          "private": "eyJlMmJmYjczMC1lY2FhLTExZTYtOGY4OC0zNDM2M2JjN2M0YzAiOnsiY3JlYXRlIjozMDAwMDAwMDAwMDAsImRlbGV0ZSI6MzAwMDAwMDAwMDAwLCJ1cGRhdGUiOjEyMDAwMDAwMDAwMH19",
          "dependencies": [
            "aws_eip.eip",
            "aws_internet_gateway.internet_gateway",
            "aws_nat_gateway.nat_gateway",
            "aws_subnet.subnet_public",
            "aws_vpc.vpc"
          ]
        }
      ]
    },
    {
      "mode": "managed",
      "type": "aws_route_table",
      "name": "public_route_table",
      "provider": "provider[\"registry.terraform.io/hashicorp/aws\"]",
      "instances": [
        {
          "schema_version": 0,
          "attributes": {
            "arn": "arn:aws:ec2:us-east-1:987199941948:route-table/rtb-0a22a7e637848c7ff",
            "id": "rtb-0a22a7e637848c7ff",
            "owner_id": "987199941948",
            "propagating_vgws": [],
            "route": [
              {
                "carrier_gateway_id": "",
                "cidr_block": "0.0.0.0/0",
                "destination_prefix_list_id": "",
                "egress_only_gateway_id": "",
                "gateway_id": "igw-07f94aca964dd5e5c",
                "instance_id": "",
                "ipv6_cidr_block": "",
                "local_gateway_id": "",
                "nat_gateway_id": "",
                "network_interface_id": "",
                "transit_gateway_id": "",
                "vpc_endpoint_id": "",
                "vpc_peering_connection_id": ""
              }
            ],
            "tags": {
              "Name": "terraform-huggingface-lambda-public-route-table"
            },
            "tags_all": {
              "Name": "terraform-huggingface-lambda-public-route-table"
            },
            "timeouts": null,
            "vpc_id": "vpc-0938d4564b4d7d531"
          },
          "sensitive_attributes": [],
          "private": "eyJlMmJmYjczMC1lY2FhLTExZTYtOGY4OC0zNDM2M2JjN2M0YzAiOnsiY3JlYXRlIjozMDAwMDAwMDAwMDAsImRlbGV0ZSI6MzAwMDAwMDAwMDAwLCJ1cGRhdGUiOjEyMDAwMDAwMDAwMH19",
          "dependencies": [
            "aws_internet_gateway.internet_gateway",
            "aws_vpc.vpc"
          ]
        }
      ]
    },
    {
      "mode": "managed",
      "type": "aws_route_table_association",
      "name": "private_route_table_association",
      "provider": "provider[\"registry.terraform.io/hashicorp/aws\"]",
      "instances": [
        {
          "schema_version": 0,
          "attributes": {
            "gateway_id": "",
            "id": "rtbassoc-05dfb9c1e761e4606",
            "route_table_id": "rtb-0e649fac95e90be11",
            "subnet_id": "subnet-00e0a0809054f21a1"
          },
          "sensitive_attributes": [],
          "private": "bnVsbA==",
          "dependencies": [
            "aws_nat_gateway.nat_gateway",
            "aws_route_table.private_route_table",
            "aws_subnet.subnet_private",
            "aws_subnet.subnet_public",
            "aws_vpc.vpc",
            "aws_eip.eip",
            "aws_internet_gateway.internet_gateway"
          ]
        }
      ]
    },
    {
      "mode": "managed",
      "type": "aws_route_table_association",
      "name": "public_route_table_association",
      "provider": "provider[\"registry.terraform.io/hashicorp/aws\"]",
      "instances": [
        {
          "schema_version": 0,
          "attributes": {
            "gateway_id": "",
            "id": "rtbassoc-0a04f0ce65132850c",
            "route_table_id": "rtb-0a22a7e637848c7ff",
            "subnet_id": "subnet-07f82aa7414a82066"
          },
          "sensitive_attributes": [],
          "private": "bnVsbA==",
          "dependencies": [
            "aws_route_table.public_route_table",
            "aws_subnet.subnet_public",
            "aws_vpc.vpc",
            "aws_internet_gateway.internet_gateway"
          ]
        }
      ]
    },
    {
      "mode": "managed",
      "type": "aws_subnet",
      "name": "subnet_private",
      "provider": "provider[\"registry.terraform.io/hashicorp/aws\"]",
      "instances": [
        {
          "schema_version": 1,
          "attributes": {
            "arn": "arn:aws:ec2:us-east-1:987199941948:subnet/subnet-00e0a0809054f21a1",
            "assign_ipv6_address_on_creation": false,
            "availability_zone": "us-east-1a",
            "availability_zone_id": "use1-az6",
            "cidr_block": "10.0.8.0/21",
            "customer_owned_ipv4_pool": "",
            "enable_dns64": false,
            "enable_resource_name_dns_a_record_on_launch": false,
            "enable_resource_name_dns_aaaa_record_on_launch": false,
            "id": "subnet-00e0a0809054f21a1",
            "ipv6_cidr_block": "",
            "ipv6_cidr_block_association_id": "",
            "ipv6_native": false,
            "map_customer_owned_ip_on_launch": false,
            "map_public_ip_on_launch": false,
            "outpost_arn": "",
            "owner_id": "987199941948",
            "private_dns_hostname_type_on_launch": "ip-name",
            "tags": {
              "Name": "terraform-huggingface-lambda-private-subnet"
            },
            "tags_all": {
              "Name": "terraform-huggingface-lambda-private-subnet"
            },
            "timeouts": null,
            "vpc_id": "vpc-0938d4564b4d7d531"
          },
          "sensitive_attributes": [],
          "private": "eyJlMmJmYjczMC1lY2FhLTExZTYtOGY4OC0zNDM2M2JjN2M0YzAiOnsiY3JlYXRlIjo2MDAwMDAwMDAwMDAsImRlbGV0ZSI6MTIwMDAwMDAwMDAwMH0sInNjaGVtYV92ZXJzaW9uIjoiMSJ9",
          "dependencies": [
            "aws_vpc.vpc"
          ]
        }
      ]
    },
    {
      "mode": "managed",
      "type": "aws_subnet",
      "name": "subnet_public",
      "provider": "provider[\"registry.terraform.io/hashicorp/aws\"]",
      "instances": [
        {
          "schema_version": 1,
          "attributes": {
            "arn": "arn:aws:ec2:us-east-1:987199941948:subnet/subnet-07f82aa7414a82066",
            "assign_ipv6_address_on_creation": false,
            "availability_zone": "us-east-1c",
            "availability_zone_id": "use1-az2",
            "cidr_block": "10.0.0.0/21",
            "customer_owned_ipv4_pool": "",
            "enable_dns64": false,
            "enable_resource_name_dns_a_record_on_launch": false,
            "enable_resource_name_dns_aaaa_record_on_launch": false,
            "id": "subnet-07f82aa7414a82066",
            "ipv6_cidr_block": "",
            "ipv6_cidr_block_association_id": "",
            "ipv6_native": false,
            "map_customer_owned_ip_on_launch": false,
            "map_public_ip_on_launch": true,
            "outpost_arn": "",
            "owner_id": "987199941948",
            "private_dns_hostname_type_on_launch": "ip-name",
            "tags": {
              "Name": "terraform-huggingface-lambda-public-subnet"
            },
            "tags_all": {
              "Name": "terraform-huggingface-lambda-public-subnet"
            },
            "timeouts": null,
            "vpc_id": "vpc-0938d4564b4d7d531"
          },
          "sensitive_attributes": [],
          "private": "eyJlMmJmYjczMC1lY2FhLTExZTYtOGY4OC0zNDM2M2JjN2M0YzAiOnsiY3JlYXRlIjo2MDAwMDAwMDAwMDAsImRlbGV0ZSI6MTIwMDAwMDAwMDAwMH0sInNjaGVtYV92ZXJzaW9uIjoiMSJ9",
          "dependencies": [
            "aws_vpc.vpc"
          ]
        }
      ]
    },
    {
      "mode": "managed",
      "type": "aws_vpc",
      "name": "vpc",
      "provider": "provider[\"registry.terraform.io/hashicorp/aws\"]",
      "instances": [
        {
          "schema_version": 1,
          "attributes": {
            "arn": "arn:aws:ec2:us-east-1:987199941948:vpc/vpc-0938d4564b4d7d531",
            "assign_generated_ipv6_cidr_block": false,
            "cidr_block": "10.0.0.0/16",
            "default_network_acl_id": "acl-065eaa04b9ccee849",
            "default_route_table_id": "rtb-0a1ab0b8dab3e2ac2",
            "default_security_group_id": "sg-019effe4849f2a0df",
            "dhcp_options_id": "dopt-0edb17cb5db4a507a",
            "enable_classiclink": false,
            "enable_classiclink_dns_support": false,
            "enable_dns_hostnames": false,
            "enable_dns_support": true,
            "id": "vpc-0938d4564b4d7d531",
            "instance_tenancy": "default",
            "ipv4_ipam_pool_id": null,
            "ipv4_netmask_length": null,
            "ipv6_association_id": "",
            "ipv6_cidr_block": "",
            "ipv6_cidr_block_network_border_group": null,
            "ipv6_ipam_pool_id": null,
            "ipv6_netmask_length": null,
            "main_route_table_id": "rtb-0a1ab0b8dab3e2ac2",
            "owner_id": "987199941948",
            "tags": {
              "Name": "terraform-huggingface-lambda-vpc"
            },
            "tags_all": {
              "Name": "terraform-huggingface-lambda-vpc"
            }
          },
          "sensitive_attributes": [],
          "private": "eyJzY2hlbWFfdmVyc2lvbiI6IjEifQ=="
        }
      ]
    },
    {
      "mode": "managed",
      "type": "null_resource",
      "name": "ecr_image",
      "provider": "provider[\"registry.terraform.io/hashicorp/null\"]",
      "instances": [
        {
          "schema_version": 0,
          "attributes": {
            "id": "7256493253025953101",
            "triggers": {
              "docker_file": "d5d5b0217a0067aac10f97297bf25937",
              "python_file": "92f537e21e4400263b3265529c733716"
            }
          },
          "sensitive_attributes": [],
          "private": "bnVsbA==",
          "dependencies": [
            "aws_ecr_repository.repo",
            "data.aws_caller_identity.current"
          ]
        }
      ]
    }
  ]
}
